
Microsoft Visual Studio Solution File, Format Version 12.00
# Visual Studio Version 17
VisualStudioVersion = 17.0.31903.59
MinimumVisualStudioVersion = 10.0.40219.1
Project("{FAE04EC0-301F-11D3-BF4B-00C04F79EFBC}") = "Day01", "Day01\Day01.csproj", "{F771E1F6-AB09-4FBD-B73F-1C411A0A2C8E}"
EndProject
Global
	GlobalSection(SolutionConfigurationPlatforms) = preSolution
		Debug|Any CPU = Debug|Any CPU
		Release|Any CPU = Release|Any CPU
	EndGlobalSection
	GlobalSection(SolutionProperties) = preSolution
		HideSolutionNode = FALSE
	EndGlobalSection
	GlobalSection(ProjectConfigurationPlatforms) = postSolution
		{F771E1F6-AB09-4FBD-B73F-1C411A0A2C8E}.Debug|Any CPU.ActiveCfg = Debug|Any CPU
		{F771E1F6-AB09-4FBD-B73F-1C411A0A2C8E}.Debug|Any CPU.Build.0 = Debug|Any CPU
		{F771E1F6-AB09-4FBD-B73F-1C411A0A2C8E}.Release|Any CPU.ActiveCfg = Release|Any CPU
		{F771E1F6-AB09-4FBD-B73F-1C411A0A2C8E}.Release|Any CPU.Build.0 = Release|Any CPU
	EndGlobalSection
EndGlobal
