
Microsoft Visual Studio Solution File, Format Version 12.00
# Visual Studio Version 17
VisualStudioVersion = 17.0.31903.59
MinimumVisualStudioVersion = 10.0.40219.1
Project("{FAE04EC0-301F-11D3-BF4B-00C04F79EFBC}") = "Day01", "Day01\Day01.csproj", "{F771E1F6-AB09-4FBD-B73F-1C411A0A2C8E}"
EndProject
Project("{FAE04EC0-301F-11D3-BF4B-00C04F79EFBC}") = "Day02", "Day02\Day02.csproj", "{24B996FB-32CF-4CD2-8FB6-6726DBA7F7B1}"
EndProject
Project("{FAE04EC0-301F-11D3-BF4B-00C04F79EFBC}") = "Day03", "Day03\Day03.csproj", "{72ADC6CE-1AA6-41C0-A9C0-3C6C867BC23A}"
EndProject
Project("{FAE04EC0-301F-11D3-BF4B-00C04F79EFBC}") = "Day04", "Day04\Day04.csproj", "{F442A606-FF02-4FA6-BF89-1D37E531D9B9}"
EndProject
Project("{FAE04EC0-301F-11D3-BF4B-00C04F79EFBC}") = "Day05", "Day05\Day05.csproj", "{995700AA-9D6F-48BE-B594-CECF611C9A71}"
EndProject
Project("{FAE04EC0-301F-11D3-BF4B-00C04F79EFBC}") = "Day06", "Day06\Day06.csproj", "{04DADA8D-3A7F-4D00-8872-0C44F6DD5F2B}"
EndProject
Project("{FAE04EC0-301F-11D3-BF4B-00C04F79EFBC}") = "Day07", "Day07\Day07.csproj", "{931544E4-CFD1-405E-B77F-FF3EE723E164}"
EndProject
Project("{FAE04EC0-301F-11D3-BF4B-00C04F79EFBC}") = "Day08", "Day08\Day08.csproj", "{CA44DD59-EF7B-4A6B-95ED-337DE8321E11}"
EndProject
Project("{FAE04EC0-301F-11D3-BF4B-00C04F79EFBC}") = "Day09", "Day09\Day09.csproj", "{E30014C4-7527-4FE2-9485-C504435993A3}"
EndProject
Project("{FAE04EC0-301F-11D3-BF4B-00C04F79EFBC}") = "Day10", "Day10\Day10.csproj", "{5501EB7D-95F4-4A6B-8C08-4B3EF62222B5}"
EndProject
Project("{FAE04EC0-301F-11D3-BF4B-00C04F79EFBC}") = "Day11", "Day11\Day11.csproj", "{E7C29A01-8EF8-4672-88E9-75548E3CBDEB}"
EndProject
Project("{FAE04EC0-301F-11D3-BF4B-00C04F79EFBC}") = "Day12", "Day12\Day12.csproj", "{033B1E2B-F8E3-439D-A945-23F8E019AEFD}"
EndProject
Global
	GlobalSection(SolutionConfigurationPlatforms) = preSolution
		Debug|Any CPU = Debug|Any CPU
		Release|Any CPU = Release|Any CPU
	EndGlobalSection
	GlobalSection(SolutionProperties) = preSolution
		HideSolutionNode = FALSE
	EndGlobalSection
	GlobalSection(ProjectConfigurationPlatforms) = postSolution
		{F771E1F6-AB09-4FBD-B73F-1C411A0A2C8E}.Debug|Any CPU.ActiveCfg = Debug|Any CPU
		{F771E1F6-AB09-4FBD-B73F-1C411A0A2C8E}.Debug|Any CPU.Build.0 = Debug|Any CPU
		{F771E1F6-AB09-4FBD-B73F-1C411A0A2C8E}.Release|Any CPU.ActiveCfg = Release|Any CPU
		{F771E1F6-AB09-4FBD-B73F-1C411A0A2C8E}.Release|Any CPU.Build.0 = Release|Any CPU
		{24B996FB-32CF-4CD2-8FB6-6726DBA7F7B1}.Debug|Any CPU.ActiveCfg = Debug|Any CPU
		{24B996FB-32CF-4CD2-8FB6-6726DBA7F7B1}.Debug|Any CPU.Build.0 = Debug|Any CPU
		{24B996FB-32CF-4CD2-8FB6-6726DBA7F7B1}.Release|Any CPU.ActiveCfg = Release|Any CPU
		{24B996FB-32CF-4CD2-8FB6-6726DBA7F7B1}.Release|Any CPU.Build.0 = Release|Any CPU
		{72ADC6CE-1AA6-41C0-A9C0-3C6C867BC23A}.Debug|Any CPU.ActiveCfg = Debug|Any CPU
		{72ADC6CE-1AA6-41C0-A9C0-3C6C867BC23A}.Debug|Any CPU.Build.0 = Debug|Any CPU
		{72ADC6CE-1AA6-41C0-A9C0-3C6C867BC23A}.Release|Any CPU.ActiveCfg = Release|Any CPU
		{72ADC6CE-1AA6-41C0-A9C0-3C6C867BC23A}.Release|Any CPU.Build.0 = Release|Any CPU
		{F442A606-FF02-4FA6-BF89-1D37E531D9B9}.Debug|Any CPU.ActiveCfg = Debug|Any CPU
		{F442A606-FF02-4FA6-BF89-1D37E531D9B9}.Debug|Any CPU.Build.0 = Debug|Any CPU
		{F442A606-FF02-4FA6-BF89-1D37E531D9B9}.Release|Any CPU.ActiveCfg = Release|Any CPU
		{F442A606-FF02-4FA6-BF89-1D37E531D9B9}.Release|Any CPU.Build.0 = Release|Any CPU
		{995700AA-9D6F-48BE-B594-CECF611C9A71}.Debug|Any CPU.ActiveCfg = Debug|Any CPU
		{995700AA-9D6F-48BE-B594-CECF611C9A71}.Debug|Any CPU.Build.0 = Debug|Any CPU
		{995700AA-9D6F-48BE-B594-CECF611C9A71}.Release|Any CPU.ActiveCfg = Release|Any CPU
		{995700AA-9D6F-48BE-B594-CECF611C9A71}.Release|Any CPU.Build.0 = Release|Any CPU
		{04DADA8D-3A7F-4D00-8872-0C44F6DD5F2B}.Debug|Any CPU.ActiveCfg = Debug|Any CPU
		{04DADA8D-3A7F-4D00-8872-0C44F6DD5F2B}.Debug|Any CPU.Build.0 = Debug|Any CPU
		{04DADA8D-3A7F-4D00-8872-0C44F6DD5F2B}.Release|Any CPU.ActiveCfg = Release|Any CPU
		{04DADA8D-3A7F-4D00-8872-0C44F6DD5F2B}.Release|Any CPU.Build.0 = Release|Any CPU
		{931544E4-CFD1-405E-B77F-FF3EE723E164}.Debug|Any CPU.ActiveCfg = Debug|Any CPU
		{931544E4-CFD1-405E-B77F-FF3EE723E164}.Debug|Any CPU.Build.0 = Debug|Any CPU
		{931544E4-CFD1-405E-B77F-FF3EE723E164}.Release|Any CPU.ActiveCfg = Release|Any CPU
		{931544E4-CFD1-405E-B77F-FF3EE723E164}.Release|Any CPU.Build.0 = Release|Any CPU
		{CA44DD59-EF7B-4A6B-95ED-337DE8321E11}.Debug|Any CPU.ActiveCfg = Debug|Any CPU
		{CA44DD59-EF7B-4A6B-95ED-337DE8321E11}.Debug|Any CPU.Build.0 = Debug|Any CPU
		{CA44DD59-EF7B-4A6B-95ED-337DE8321E11}.Release|Any CPU.ActiveCfg = Release|Any CPU
		{CA44DD59-EF7B-4A6B-95ED-337DE8321E11}.Release|Any CPU.Build.0 = Release|Any CPU
		{E30014C4-7527-4FE2-9485-C504435993A3}.Debug|Any CPU.ActiveCfg = Debug|Any CPU
		{E30014C4-7527-4FE2-9485-C504435993A3}.Debug|Any CPU.Build.0 = Debug|Any CPU
		{E30014C4-7527-4FE2-9485-C504435993A3}.Release|Any CPU.ActiveCfg = Release|Any CPU
		{E30014C4-7527-4FE2-9485-C504435993A3}.Release|Any CPU.Build.0 = Release|Any CPU
		{5501EB7D-95F4-4A6B-8C08-4B3EF62222B5}.Debug|Any CPU.ActiveCfg = Debug|Any CPU
		{5501EB7D-95F4-4A6B-8C08-4B3EF62222B5}.Debug|Any CPU.Build.0 = Debug|Any CPU
		{5501EB7D-95F4-4A6B-8C08-4B3EF62222B5}.Release|Any CPU.ActiveCfg = Release|Any CPU
		{5501EB7D-95F4-4A6B-8C08-4B3EF62222B5}.Release|Any CPU.Build.0 = Release|Any CPU
		{E7C29A01-8EF8-4672-88E9-75548E3CBDEB}.Debug|Any CPU.ActiveCfg = Debug|Any CPU
		{E7C29A01-8EF8-4672-88E9-75548E3CBDEB}.Debug|Any CPU.Build.0 = Debug|Any CPU
		{E7C29A01-8EF8-4672-88E9-75548E3CBDEB}.Release|Any CPU.ActiveCfg = Release|Any CPU
		{E7C29A01-8EF8-4672-88E9-75548E3CBDEB}.Release|Any CPU.Build.0 = Release|Any CPU
		{033B1E2B-F8E3-439D-A945-23F8E019AEFD}.Debug|Any CPU.ActiveCfg = Debug|Any CPU
		{033B1E2B-F8E3-439D-A945-23F8E019AEFD}.Debug|Any CPU.Build.0 = Debug|Any CPU
		{033B1E2B-F8E3-439D-A945-23F8E019AEFD}.Release|Any CPU.ActiveCfg = Release|Any CPU
		{033B1E2B-F8E3-439D-A945-23F8E019AEFD}.Release|Any CPU.Build.0 = Release|Any CPU
	EndGlobalSection
EndGlobal
